
Microsoft Visual Studio Solution File, Format Version 12.00
# Visual Studio 15
VisualStudioVersion = 15.0.26206.0
MinimumVisualStudioVersion = 10.0.40219.1
Project("{FAE04EC0-301F-11D3-BF4B-00C04F79EFBC}") = "Marge.Api", "Marge.Api\Marge.Api.csproj", "{36272221-2251-404C-B623-0408C31B84E1}"
EndProject
Project("{FAE04EC0-301F-11D3-BF4B-00C04F79EFBC}") = "Marge.Core.Commands", "Marge.Core.Commands\Marge.Core.Commands.csproj", "{C2DE9445-6EB3-4FE2-BB23-45095556673B}"
EndProject
Project("{FAE04EC0-301F-11D3-BF4B-00C04F79EFBC}") = "Marge.Infrastructure", "Marge.Infrastructure\Marge.Infrastructure.csproj", "{168EC726-8E49-4AAB-B4BB-FD42624BF363}"
EndProject
Project("{FAE04EC0-301F-11D3-BF4B-00C04F79EFBC}") = "Marge.Core.Queries", "Marge.Core.Queries\Marge.Core.Queries.csproj", "{4CF19B4D-55F1-4873-8C9B-BFFF0D87D273}"
EndProject
Project("{FAE04EC0-301F-11D3-BF4B-00C04F79EFBC}") = "Marge.Tests", "Marge.Tests\Marge.Tests.csproj", "{029B0E94-6BF6-46B7-91D5-D32DE9E2894C}"
EndProject
Project("{FAE04EC0-301F-11D3-BF4B-00C04F79EFBC}") = "Marge.Common", "Marge.Common\Marge.Common.csproj", "{8F0A81A9-CDF5-483E-8626-EB7EFA844E54}"
EndProject
Project("{FAE04EC0-301F-11D3-BF4B-00C04F79EFBC}") = "Marge.Infrastructure.Data", "Marge.Infrastructure.Data\Marge.Infrastructure.Data.csproj", "{BB67EEFC-2D4E-441E-ADE0-400CED0051FC}"
EndProject
Global
	GlobalSection(SolutionConfigurationPlatforms) = preSolution
		Debug|Any CPU = Debug|Any CPU
		Debug|x64 = Debug|x64
		Debug|x86 = Debug|x86
		Release|Any CPU = Release|Any CPU
		Release|x64 = Release|x64
		Release|x86 = Release|x86
	EndGlobalSection
	GlobalSection(ProjectConfigurationPlatforms) = postSolution
		{36272221-2251-404C-B623-0408C31B84E1}.Debug|Any CPU.ActiveCfg = Debug|Any CPU
		{36272221-2251-404C-B623-0408C31B84E1}.Debug|Any CPU.Build.0 = Debug|Any CPU
		{36272221-2251-404C-B623-0408C31B84E1}.Debug|x64.ActiveCfg = Debug|x64
		{36272221-2251-404C-B623-0408C31B84E1}.Debug|x64.Build.0 = Debug|x64
		{36272221-2251-404C-B623-0408C31B84E1}.Debug|x86.ActiveCfg = Debug|x86
		{36272221-2251-404C-B623-0408C31B84E1}.Debug|x86.Build.0 = Debug|x86
		{36272221-2251-404C-B623-0408C31B84E1}.Release|Any CPU.ActiveCfg = Release|Any CPU
		{36272221-2251-404C-B623-0408C31B84E1}.Release|Any CPU.Build.0 = Release|Any CPU
		{36272221-2251-404C-B623-0408C31B84E1}.Release|x64.ActiveCfg = Release|x64
		{36272221-2251-404C-B623-0408C31B84E1}.Release|x64.Build.0 = Release|x64
		{36272221-2251-404C-B623-0408C31B84E1}.Release|x86.ActiveCfg = Release|x86
		{36272221-2251-404C-B623-0408C31B84E1}.Release|x86.Build.0 = Release|x86
		{C2DE9445-6EB3-4FE2-BB23-45095556673B}.Debug|Any CPU.ActiveCfg = Debug|Any CPU
		{C2DE9445-6EB3-4FE2-BB23-45095556673B}.Debug|Any CPU.Build.0 = Debug|Any CPU
		{C2DE9445-6EB3-4FE2-BB23-45095556673B}.Debug|x64.ActiveCfg = Debug|x64
		{C2DE9445-6EB3-4FE2-BB23-45095556673B}.Debug|x64.Build.0 = Debug|x64
		{C2DE9445-6EB3-4FE2-BB23-45095556673B}.Debug|x86.ActiveCfg = Debug|x86
		{C2DE9445-6EB3-4FE2-BB23-45095556673B}.Debug|x86.Build.0 = Debug|x86
		{C2DE9445-6EB3-4FE2-BB23-45095556673B}.Release|Any CPU.ActiveCfg = Release|Any CPU
		{C2DE9445-6EB3-4FE2-BB23-45095556673B}.Release|Any CPU.Build.0 = Release|Any CPU
		{C2DE9445-6EB3-4FE2-BB23-45095556673B}.Release|x64.ActiveCfg = Release|x64
		{C2DE9445-6EB3-4FE2-BB23-45095556673B}.Release|x64.Build.0 = Release|x64
		{C2DE9445-6EB3-4FE2-BB23-45095556673B}.Release|x86.ActiveCfg = Release|x86
		{C2DE9445-6EB3-4FE2-BB23-45095556673B}.Release|x86.Build.0 = Release|x86
		{168EC726-8E49-4AAB-B4BB-FD42624BF363}.Debug|Any CPU.ActiveCfg = Debug|Any CPU
		{168EC726-8E49-4AAB-B4BB-FD42624BF363}.Debug|Any CPU.Build.0 = Debug|Any CPU
		{168EC726-8E49-4AAB-B4BB-FD42624BF363}.Debug|x64.ActiveCfg = Debug|x64
		{168EC726-8E49-4AAB-B4BB-FD42624BF363}.Debug|x64.Build.0 = Debug|x64
		{168EC726-8E49-4AAB-B4BB-FD42624BF363}.Debug|x86.ActiveCfg = Debug|x86
		{168EC726-8E49-4AAB-B4BB-FD42624BF363}.Debug|x86.Build.0 = Debug|x86
		{168EC726-8E49-4AAB-B4BB-FD42624BF363}.Release|Any CPU.ActiveCfg = Release|Any CPU
		{168EC726-8E49-4AAB-B4BB-FD42624BF363}.Release|Any CPU.Build.0 = Release|Any CPU
		{168EC726-8E49-4AAB-B4BB-FD42624BF363}.Release|x64.ActiveCfg = Release|x64
		{168EC726-8E49-4AAB-B4BB-FD42624BF363}.Release|x64.Build.0 = Release|x64
		{168EC726-8E49-4AAB-B4BB-FD42624BF363}.Release|x86.ActiveCfg = Release|x86
		{168EC726-8E49-4AAB-B4BB-FD42624BF363}.Release|x86.Build.0 = Release|x86
		{4CF19B4D-55F1-4873-8C9B-BFFF0D87D273}.Debug|Any CPU.ActiveCfg = Debug|Any CPU
		{4CF19B4D-55F1-4873-8C9B-BFFF0D87D273}.Debug|Any CPU.Build.0 = Debug|Any CPU
		{4CF19B4D-55F1-4873-8C9B-BFFF0D87D273}.Debug|x64.ActiveCfg = Debug|x64
		{4CF19B4D-55F1-4873-8C9B-BFFF0D87D273}.Debug|x64.Build.0 = Debug|x64
		{4CF19B4D-55F1-4873-8C9B-BFFF0D87D273}.Debug|x86.ActiveCfg = Debug|x86
		{4CF19B4D-55F1-4873-8C9B-BFFF0D87D273}.Debug|x86.Build.0 = Debug|x86
		{4CF19B4D-55F1-4873-8C9B-BFFF0D87D273}.Release|Any CPU.ActiveCfg = Release|Any CPU
		{4CF19B4D-55F1-4873-8C9B-BFFF0D87D273}.Release|Any CPU.Build.0 = Release|Any CPU
		{4CF19B4D-55F1-4873-8C9B-BFFF0D87D273}.Release|x64.ActiveCfg = Release|x64
		{4CF19B4D-55F1-4873-8C9B-BFFF0D87D273}.Release|x64.Build.0 = Release|x64
		{4CF19B4D-55F1-4873-8C9B-BFFF0D87D273}.Release|x86.ActiveCfg = Release|x86
		{4CF19B4D-55F1-4873-8C9B-BFFF0D87D273}.Release|x86.Build.0 = Release|x86
		{029B0E94-6BF6-46B7-91D5-D32DE9E2894C}.Debug|Any CPU.ActiveCfg = Debug|Any CPU
		{029B0E94-6BF6-46B7-91D5-D32DE9E2894C}.Debug|Any CPU.Build.0 = Debug|Any CPU
		{029B0E94-6BF6-46B7-91D5-D32DE9E2894C}.Debug|x64.ActiveCfg = Debug|Any CPU
		{029B0E94-6BF6-46B7-91D5-D32DE9E2894C}.Debug|x64.Build.0 = Debug|Any CPU
		{029B0E94-6BF6-46B7-91D5-D32DE9E2894C}.Debug|x86.ActiveCfg = Debug|Any CPU
		{029B0E94-6BF6-46B7-91D5-D32DE9E2894C}.Debug|x86.Build.0 = Debug|Any CPU
		{029B0E94-6BF6-46B7-91D5-D32DE9E2894C}.Release|Any CPU.ActiveCfg = Release|Any CPU
		{029B0E94-6BF6-46B7-91D5-D32DE9E2894C}.Release|Any CPU.Build.0 = Release|Any CPU
		{029B0E94-6BF6-46B7-91D5-D32DE9E2894C}.Release|x64.ActiveCfg = Release|Any CPU
		{029B0E94-6BF6-46B7-91D5-D32DE9E2894C}.Release|x64.Build.0 = Release|Any CPU
		{029B0E94-6BF6-46B7-91D5-D32DE9E2894C}.Release|x86.ActiveCfg = Release|Any CPU
		{029B0E94-6BF6-46B7-91D5-D32DE9E2894C}.Release|x86.Build.0 = Release|Any CPU
		{8F0A81A9-CDF5-483E-8626-EB7EFA844E54}.Debug|Any CPU.ActiveCfg = Debug|Any CPU
		{8F0A81A9-CDF5-483E-8626-EB7EFA844E54}.Debug|Any CPU.Build.0 = Debug|Any CPU
		{8F0A81A9-CDF5-483E-8626-EB7EFA844E54}.Debug|x64.ActiveCfg = Debug|x64
		{8F0A81A9-CDF5-483E-8626-EB7EFA844E54}.Debug|x64.Build.0 = Debug|x64
		{8F0A81A9-CDF5-483E-8626-EB7EFA844E54}.Debug|x86.ActiveCfg = Debug|x86
		{8F0A81A9-CDF5-483E-8626-EB7EFA844E54}.Debug|x86.Build.0 = Debug|x86
		{8F0A81A9-CDF5-483E-8626-EB7EFA844E54}.Release|Any CPU.ActiveCfg = Release|Any CPU
		{8F0A81A9-CDF5-483E-8626-EB7EFA844E54}.Release|Any CPU.Build.0 = Release|Any CPU
		{8F0A81A9-CDF5-483E-8626-EB7EFA844E54}.Release|x64.ActiveCfg = Release|x64
		{8F0A81A9-CDF5-483E-8626-EB7EFA844E54}.Release|x64.Build.0 = Release|x64
		{8F0A81A9-CDF5-483E-8626-EB7EFA844E54}.Release|x86.ActiveCfg = Release|x86
		{8F0A81A9-CDF5-483E-8626-EB7EFA844E54}.Release|x86.Build.0 = Release|x86
		{BB67EEFC-2D4E-441E-ADE0-400CED0051FC}.Debug|Any CPU.ActiveCfg = Debug|Any CPU
		{BB67EEFC-2D4E-441E-ADE0-400CED0051FC}.Debug|Any CPU.Build.0 = Debug|Any CPU
		{BB67EEFC-2D4E-441E-ADE0-400CED0051FC}.Debug|x64.ActiveCfg = Debug|Any CPU
		{BB67EEFC-2D4E-441E-ADE0-400CED0051FC}.Debug|x64.Build.0 = Debug|Any CPU
		{BB67EEFC-2D4E-441E-ADE0-400CED0051FC}.Debug|x86.ActiveCfg = Debug|Any CPU
		{BB67EEFC-2D4E-441E-ADE0-400CED0051FC}.Debug|x86.Build.0 = Debug|Any CPU
		{BB67EEFC-2D4E-441E-ADE0-400CED0051FC}.Release|Any CPU.ActiveCfg = Release|Any CPU
		{BB67EEFC-2D4E-441E-ADE0-400CED0051FC}.Release|Any CPU.Build.0 = Release|Any CPU
		{BB67EEFC-2D4E-441E-ADE0-400CED0051FC}.Release|x64.ActiveCfg = Release|Any CPU
		{BB67EEFC-2D4E-441E-ADE0-400CED0051FC}.Release|x64.Build.0 = Release|Any CPU
		{BB67EEFC-2D4E-441E-ADE0-400CED0051FC}.Release|x86.ActiveCfg = Release|Any CPU
		{BB67EEFC-2D4E-441E-ADE0-400CED0051FC}.Release|x86.Build.0 = Release|Any CPU
	EndGlobalSection
	GlobalSection(SolutionProperties) = preSolution
		HideSolutionNode = FALSE
	EndGlobalSection
EndGlobal
